
Microsoft Visual Studio Solution File, Format Version 12.00
# Visual Studio Version 17
VisualStudioVersion = 17.5.33627.172
MinimumVisualStudioVersion = 10.0.40219.1
Project("{FAE04EC0-301F-11D3-BF4B-00C04F79EFBC}") = "QuizCSharp", "QuizCSharp\QuizCSharp.csproj", "{03363977-47B0-445E-B69C-E99FE0FBC56D}"
EndProject
Global
	GlobalSection(SolutionConfigurationPlatforms) = preSolution
		Debug|Any CPU = Debug|Any CPU
		Release|Any CPU = Release|Any CPU
	EndGlobalSection
	GlobalSection(ProjectConfigurationPlatforms) = postSolution
		{03363977-47B0-445E-B69C-E99FE0FBC56D}.Debug|Any CPU.ActiveCfg = Debug|Any CPU
		{03363977-47B0-445E-B69C-E99FE0FBC56D}.Debug|Any CPU.Build.0 = Debug|Any CPU
		{03363977-47B0-445E-B69C-E99FE0FBC56D}.Release|Any CPU.ActiveCfg = Release|Any CPU
		{03363977-47B0-445E-B69C-E99FE0FBC56D}.Release|Any CPU.Build.0 = Release|Any CPU
	EndGlobalSection
	GlobalSection(SolutionProperties) = preSolution
		HideSolutionNode = FALSE
	EndGlobalSection
	GlobalSection(ExtensibilityGlobals) = postSolution
		SolutionGuid = {DA665F3C-B16D-4E6D-AE93-204459251637}
	EndGlobalSection
EndGlobal
